
Microsoft Visual Studio Solution File, Format Version 12.00
# Visual Studio 15
VisualStudioVersion = 15.0.26124.0
MinimumVisualStudioVersion = 15.0.26124.0
Project("{2150E333-8FDC-42A3-9474-1A3956D46DE8}") = "src", "src", "{DBFB50E3-4BAC-4303-817E-1BC7DDD734B9}"
EndProject
Project("{FAE04EC0-301F-11D3-BF4B-00C04F79EFBC}") = "Restream.OrchardCore", "src\Restream.OrchardCore\Restream.OrchardCore.csproj", "{46E6A72B-D13D-4AF2-9505-289B8B7D2963}"
EndProject
Global
	GlobalSection(SolutionConfigurationPlatforms) = preSolution
		Debug|Any CPU = Debug|Any CPU
		Debug|x64 = Debug|x64
		Debug|x86 = Debug|x86
		Release|Any CPU = Release|Any CPU
		Release|x64 = Release|x64
		Release|x86 = Release|x86
	EndGlobalSection
	GlobalSection(SolutionProperties) = preSolution
		HideSolutionNode = FALSE
	EndGlobalSection
	GlobalSection(ProjectConfigurationPlatforms) = postSolution
		{46E6A72B-D13D-4AF2-9505-289B8B7D2963}.Debug|Any CPU.ActiveCfg = Debug|Any CPU
		{46E6A72B-D13D-4AF2-9505-289B8B7D2963}.Debug|Any CPU.Build.0 = Debug|Any CPU
		{46E6A72B-D13D-4AF2-9505-289B8B7D2963}.Debug|x64.ActiveCfg = Debug|Any CPU
		{46E6A72B-D13D-4AF2-9505-289B8B7D2963}.Debug|x64.Build.0 = Debug|Any CPU
		{46E6A72B-D13D-4AF2-9505-289B8B7D2963}.Debug|x86.ActiveCfg = Debug|Any CPU
		{46E6A72B-D13D-4AF2-9505-289B8B7D2963}.Debug|x86.Build.0 = Debug|Any CPU
		{46E6A72B-D13D-4AF2-9505-289B8B7D2963}.Release|Any CPU.ActiveCfg = Release|Any CPU
		{46E6A72B-D13D-4AF2-9505-289B8B7D2963}.Release|Any CPU.Build.0 = Release|Any CPU
		{46E6A72B-D13D-4AF2-9505-289B8B7D2963}.Release|x64.ActiveCfg = Release|Any CPU
		{46E6A72B-D13D-4AF2-9505-289B8B7D2963}.Release|x64.Build.0 = Release|Any CPU
		{46E6A72B-D13D-4AF2-9505-289B8B7D2963}.Release|x86.ActiveCfg = Release|Any CPU
		{46E6A72B-D13D-4AF2-9505-289B8B7D2963}.Release|x86.Build.0 = Release|Any CPU
	EndGlobalSection
	GlobalSection(NestedProjects) = preSolution
		{46E6A72B-D13D-4AF2-9505-289B8B7D2963} = {DBFB50E3-4BAC-4303-817E-1BC7DDD734B9}
	EndGlobalSection
EndGlobal
